
Microsoft Visual Studio Solution File, Format Version 12.00
# Visual Studio Version 17
VisualStudioVersion = 17.8.34330.188
MinimumVisualStudioVersion = 10.0.40219.1
Project("{FAE04EC0-301F-11D3-BF4B-00C04F79EFBC}") = "Task_1", "Task_1\Task_1.csproj", "{B825A73E-950E-4AFF-8ED4-A598D4C1DC9E}"
EndProject
Global
	GlobalSection(SolutionConfigurationPlatforms) = preSolution
		Debug|Any CPU = Debug|Any CPU
		Release|Any CPU = Release|Any CPU
	EndGlobalSection
	GlobalSection(ProjectConfigurationPlatforms) = postSolution
		{B825A73E-950E-4AFF-8ED4-A598D4C1DC9E}.Debug|Any CPU.ActiveCfg = Debug|Any CPU
		{B825A73E-950E-4AFF-8ED4-A598D4C1DC9E}.Debug|Any CPU.Build.0 = Debug|Any CPU
		{B825A73E-950E-4AFF-8ED4-A598D4C1DC9E}.Release|Any CPU.ActiveCfg = Release|Any CPU
		{B825A73E-950E-4AFF-8ED4-A598D4C1DC9E}.Release|Any CPU.Build.0 = Release|Any CPU
	EndGlobalSection
	GlobalSection(SolutionProperties) = preSolution
		HideSolutionNode = FALSE
	EndGlobalSection
	GlobalSection(ExtensibilityGlobals) = postSolution
		SolutionGuid = {526620E5-0E37-4B15-B880-E5F1FCA59556}
	EndGlobalSection
EndGlobal
