
Microsoft Visual Studio Solution File, Format Version 12.00
# Visual Studio Version 17
VisualStudioVersion = 17.8.34330.188
MinimumVisualStudioVersion = 10.0.40219.1
Project("{FAE04EC0-301F-11D3-BF4B-00C04F79EFBC}") = "Task_1", "Task_1\Task_1.csproj", "{4E1752C9-A3EA-4478-9DB7-393EE517A3EA}"
EndProject
Global
	GlobalSection(SolutionConfigurationPlatforms) = preSolution
		Debug|Any CPU = Debug|Any CPU
		Release|Any CPU = Release|Any CPU
	EndGlobalSection
	GlobalSection(ProjectConfigurationPlatforms) = postSolution
		{4E1752C9-A3EA-4478-9DB7-393EE517A3EA}.Debug|Any CPU.ActiveCfg = Debug|Any CPU
		{4E1752C9-A3EA-4478-9DB7-393EE517A3EA}.Debug|Any CPU.Build.0 = Debug|Any CPU
		{4E1752C9-A3EA-4478-9DB7-393EE517A3EA}.Release|Any CPU.ActiveCfg = Release|Any CPU
		{4E1752C9-A3EA-4478-9DB7-393EE517A3EA}.Release|Any CPU.Build.0 = Release|Any CPU
	EndGlobalSection
	GlobalSection(SolutionProperties) = preSolution
		HideSolutionNode = FALSE
	EndGlobalSection
	GlobalSection(ExtensibilityGlobals) = postSolution
		SolutionGuid = {E8B3B0B5-D5B2-4E0B-B30F-FF3D7AB5FD1A}
	EndGlobalSection
EndGlobal
