
Microsoft Visual Studio Solution File, Format Version 12.00
# Visual Studio Version 17
VisualStudioVersion = 17.9.34607.119
MinimumVisualStudioVersion = 10.0.40219.1
Project("{9A19103F-16F7-4668-BE54-9A1E7A4F7556}") = "Task_1", "Task_1\Task_1.csproj", "{9CE58CA8-4D60-40C1-8A59-CC6007CA0359}"
EndProject
Project("{9A19103F-16F7-4668-BE54-9A1E7A4F7556}") = "Task_2", "Task_2\Task_2.csproj", "{2DBA5DC0-B87F-49A7-8A84-81CA5DDF490C}"
EndProject
Project("{9A19103F-16F7-4668-BE54-9A1E7A4F7556}") = "Task_3", "Task_3\Task_3.csproj", "{FBFD06EB-ABA3-4722-8925-F3F7341B3CE6}"
EndProject
Project("{9A19103F-16F7-4668-BE54-9A1E7A4F7556}") = "Task_3_Calculator", "Task_3_Calculator\Task_3_Calculator.csproj", "{A8222E90-23F2-4114-A6D1-34A434AC1D9D}"
EndProject
Project("{FAE04EC0-301F-11D3-BF4B-00C04F79EFBC}") = "Task_4", "Task_4\Task_4.csproj", "{F44EB566-DEC4-4C81-822F-CA97EE76519F}"
EndProject
Project("{FAE04EC0-301F-11D3-BF4B-00C04F79EFBC}") = "Task_4_WordCounter", "Task_4_WordCounter\Task_4_WordCounter.csproj", "{911E6569-91CA-4B81-99B2-2C181500F091}"
EndProject
Global
	GlobalSection(SolutionConfigurationPlatforms) = preSolution
		Debug|Any CPU = Debug|Any CPU
		Release|Any CPU = Release|Any CPU
	EndGlobalSection
	GlobalSection(ProjectConfigurationPlatforms) = postSolution
		{9CE58CA8-4D60-40C1-8A59-CC6007CA0359}.Debug|Any CPU.ActiveCfg = Debug|Any CPU
		{9CE58CA8-4D60-40C1-8A59-CC6007CA0359}.Debug|Any CPU.Build.0 = Debug|Any CPU
		{9CE58CA8-4D60-40C1-8A59-CC6007CA0359}.Release|Any CPU.ActiveCfg = Release|Any CPU
		{9CE58CA8-4D60-40C1-8A59-CC6007CA0359}.Release|Any CPU.Build.0 = Release|Any CPU
		{2DBA5DC0-B87F-49A7-8A84-81CA5DDF490C}.Debug|Any CPU.ActiveCfg = Debug|Any CPU
		{2DBA5DC0-B87F-49A7-8A84-81CA5DDF490C}.Debug|Any CPU.Build.0 = Debug|Any CPU
		{2DBA5DC0-B87F-49A7-8A84-81CA5DDF490C}.Release|Any CPU.ActiveCfg = Release|Any CPU
		{2DBA5DC0-B87F-49A7-8A84-81CA5DDF490C}.Release|Any CPU.Build.0 = Release|Any CPU
		{FBFD06EB-ABA3-4722-8925-F3F7341B3CE6}.Debug|Any CPU.ActiveCfg = Debug|Any CPU
		{FBFD06EB-ABA3-4722-8925-F3F7341B3CE6}.Debug|Any CPU.Build.0 = Debug|Any CPU
		{FBFD06EB-ABA3-4722-8925-F3F7341B3CE6}.Release|Any CPU.ActiveCfg = Release|Any CPU
		{FBFD06EB-ABA3-4722-8925-F3F7341B3CE6}.Release|Any CPU.Build.0 = Release|Any CPU
		{A8222E90-23F2-4114-A6D1-34A434AC1D9D}.Debug|Any CPU.ActiveCfg = Debug|Any CPU
		{A8222E90-23F2-4114-A6D1-34A434AC1D9D}.Debug|Any CPU.Build.0 = Debug|Any CPU
		{A8222E90-23F2-4114-A6D1-34A434AC1D9D}.Release|Any CPU.ActiveCfg = Release|Any CPU
		{A8222E90-23F2-4114-A6D1-34A434AC1D9D}.Release|Any CPU.Build.0 = Release|Any CPU
		{F44EB566-DEC4-4C81-822F-CA97EE76519F}.Debug|Any CPU.ActiveCfg = Debug|Any CPU
		{F44EB566-DEC4-4C81-822F-CA97EE76519F}.Debug|Any CPU.Build.0 = Debug|Any CPU
		{F44EB566-DEC4-4C81-822F-CA97EE76519F}.Release|Any CPU.ActiveCfg = Release|Any CPU
		{F44EB566-DEC4-4C81-822F-CA97EE76519F}.Release|Any CPU.Build.0 = Release|Any CPU
		{911E6569-91CA-4B81-99B2-2C181500F091}.Debug|Any CPU.ActiveCfg = Debug|Any CPU
		{911E6569-91CA-4B81-99B2-2C181500F091}.Debug|Any CPU.Build.0 = Debug|Any CPU
		{911E6569-91CA-4B81-99B2-2C181500F091}.Release|Any CPU.ActiveCfg = Release|Any CPU
		{911E6569-91CA-4B81-99B2-2C181500F091}.Release|Any CPU.Build.0 = Release|Any CPU
	EndGlobalSection
	GlobalSection(SolutionProperties) = preSolution
		HideSolutionNode = FALSE
	EndGlobalSection
	GlobalSection(ExtensibilityGlobals) = postSolution
		SolutionGuid = {61C72A4E-8DEE-4DE0-9787-F3ECF9A582A8}
	EndGlobalSection
EndGlobal
