
Microsoft Visual Studio Solution File, Format Version 12.00
# Visual Studio Version 17
VisualStudioVersion = 17.8.34330.188
MinimumVisualStudioVersion = 10.0.40219.1
Project("{FAE04EC0-301F-11D3-BF4B-00C04F79EFBC}") = "Task_1", "Task_1\Task_1.csproj", "{21C934B4-9D84-482D-9934-205E696DE9CB}"
EndProject
Project("{FAE04EC0-301F-11D3-BF4B-00C04F79EFBC}") = "Task_2", "Task_2\Task_2.csproj", "{7816AB3A-A101-45D1-9F8E-B541BA8F2194}"
EndProject
Global
	GlobalSection(SolutionConfigurationPlatforms) = preSolution
		Debug|Any CPU = Debug|Any CPU
		Release|Any CPU = Release|Any CPU
	EndGlobalSection
	GlobalSection(ProjectConfigurationPlatforms) = postSolution
		{21C934B4-9D84-482D-9934-205E696DE9CB}.Debug|Any CPU.ActiveCfg = Debug|Any CPU
		{21C934B4-9D84-482D-9934-205E696DE9CB}.Debug|Any CPU.Build.0 = Debug|Any CPU
		{21C934B4-9D84-482D-9934-205E696DE9CB}.Release|Any CPU.ActiveCfg = Release|Any CPU
		{21C934B4-9D84-482D-9934-205E696DE9CB}.Release|Any CPU.Build.0 = Release|Any CPU
		{7816AB3A-A101-45D1-9F8E-B541BA8F2194}.Debug|Any CPU.ActiveCfg = Debug|Any CPU
		{7816AB3A-A101-45D1-9F8E-B541BA8F2194}.Debug|Any CPU.Build.0 = Debug|Any CPU
		{7816AB3A-A101-45D1-9F8E-B541BA8F2194}.Release|Any CPU.ActiveCfg = Release|Any CPU
		{7816AB3A-A101-45D1-9F8E-B541BA8F2194}.Release|Any CPU.Build.0 = Release|Any CPU
	EndGlobalSection
	GlobalSection(SolutionProperties) = preSolution
		HideSolutionNode = FALSE
	EndGlobalSection
	GlobalSection(ExtensibilityGlobals) = postSolution
		SolutionGuid = {1F5C5E70-E498-4951-AA87-873AD5373C0F}
	EndGlobalSection
EndGlobal
